
Microsoft Visual Studio Solution File, Format Version 12.00
# Visual Studio Version 17
VisualStudioVersion = 17.8.34525.116
MinimumVisualStudioVersion = 10.0.40219.1
Project("{FAE04EC0-301F-11D3-BF4B-00C04F79EFBC}") = "WaterDrinking", "WaterDrinking\WaterDrinking.csproj", "{D6292B7B-37DA-40BC-860B-307FBDC487AD}"
EndProject
Global
	GlobalSection(SolutionConfigurationPlatforms) = preSolution
		Debug|Any CPU = Debug|Any CPU
		Release|Any CPU = Release|Any CPU
	EndGlobalSection
	GlobalSection(ProjectConfigurationPlatforms) = postSolution
		{D6292B7B-37DA-40BC-860B-307FBDC487AD}.Debug|Any CPU.ActiveCfg = Debug|Any CPU
		{D6292B7B-37DA-40BC-860B-307FBDC487AD}.Debug|Any CPU.Build.0 = Debug|Any CPU
		{D6292B7B-37DA-40BC-860B-307FBDC487AD}.Release|Any CPU.ActiveCfg = Release|Any CPU
		{D6292B7B-37DA-40BC-860B-307FBDC487AD}.Release|Any CPU.Build.0 = Release|Any CPU
	EndGlobalSection
	GlobalSection(SolutionProperties) = preSolution
		HideSolutionNode = FALSE
	EndGlobalSection
	GlobalSection(ExtensibilityGlobals) = postSolution
		SolutionGuid = {555B9422-6908-4F4E-8013-D83FE905A47D}
	EndGlobalSection
EndGlobal
