
Microsoft Visual Studio Solution File, Format Version 12.00
# Visual Studio Version 17
VisualStudioVersion = 17.9.34701.34
MinimumVisualStudioVersion = 10.0.40219.1
Project("{FAE04EC0-301F-11D3-BF4B-00C04F79EFBC}") = "WaterLogger.samggannon", "WaterLogger.samggannon\WaterLogger.samggannon.csproj", "{196FF5EC-062B-4527-B017-05070E53C280}"
EndProject
Global
	GlobalSection(SolutionConfigurationPlatforms) = preSolution
		Debug|Any CPU = Debug|Any CPU
		Release|Any CPU = Release|Any CPU
	EndGlobalSection
	GlobalSection(ProjectConfigurationPlatforms) = postSolution
		{196FF5EC-062B-4527-B017-05070E53C280}.Debug|Any CPU.ActiveCfg = Debug|Any CPU
		{196FF5EC-062B-4527-B017-05070E53C280}.Debug|Any CPU.Build.0 = Debug|Any CPU
		{196FF5EC-062B-4527-B017-05070E53C280}.Release|Any CPU.ActiveCfg = Release|Any CPU
		{196FF5EC-062B-4527-B017-05070E53C280}.Release|Any CPU.Build.0 = Release|Any CPU
	EndGlobalSection
	GlobalSection(SolutionProperties) = preSolution
		HideSolutionNode = FALSE
	EndGlobalSection
	GlobalSection(ExtensibilityGlobals) = postSolution
		SolutionGuid = {D6765ECF-FE44-4F38-8766-CD2175E1895C}
	EndGlobalSection
EndGlobal
