
Microsoft Visual Studio Solution File, Format Version 12.00
# Visual Studio Version 17
VisualStudioVersion = 17.10.35122.118
MinimumVisualStudioVersion = 10.0.40219.1
Project("{9A19103F-16F7-4668-BE54-9A1E7A4F7556}") = "HabitTracker.Application", "HabitTracker.Application\HabitTracker.Application.csproj", "{BB1A09C2-5A87-4F63-936B-09EE6522ADC0}"
EndProject
Project("{9A19103F-16F7-4668-BE54-9A1E7A4F7556}") = "HabitTracker.Domain", "HabitTracker.Domain\HabitTracker.Domain.csproj", "{136BABB1-A63D-4507-A5DD-40D3174E64D1}"
EndProject
Project("{9A19103F-16F7-4668-BE54-9A1E7A4F7556}") = "HabitTracker.Infrastructure", "HabitTracker.Infrastructure\HabitTracker.Infrastructure.csproj", "{77BE9C96-45F9-44BF-85BA-3559F53DBC11}"
EndProject
Project("{9A19103F-16F7-4668-BE54-9A1E7A4F7556}") = "HabitTracker.WebUI", "HabitTracker.UI\HabitTracker.WebUI.csproj", "{DBF92816-7C70-4B6A-8ACA-387FCA8EEA65}"
EndProject
Global
	GlobalSection(SolutionConfigurationPlatforms) = preSolution
		Debug|Any CPU = Debug|Any CPU
		Release|Any CPU = Release|Any CPU
	EndGlobalSection
	GlobalSection(ProjectConfigurationPlatforms) = postSolution
		{BB1A09C2-5A87-4F63-936B-09EE6522ADC0}.Debug|Any CPU.ActiveCfg = Debug|Any CPU
		{BB1A09C2-5A87-4F63-936B-09EE6522ADC0}.Debug|Any CPU.Build.0 = Debug|Any CPU
		{BB1A09C2-5A87-4F63-936B-09EE6522ADC0}.Release|Any CPU.ActiveCfg = Release|Any CPU
		{BB1A09C2-5A87-4F63-936B-09EE6522ADC0}.Release|Any CPU.Build.0 = Release|Any CPU
		{136BABB1-A63D-4507-A5DD-40D3174E64D1}.Debug|Any CPU.ActiveCfg = Debug|Any CPU
		{136BABB1-A63D-4507-A5DD-40D3174E64D1}.Debug|Any CPU.Build.0 = Debug|Any CPU
		{136BABB1-A63D-4507-A5DD-40D3174E64D1}.Release|Any CPU.ActiveCfg = Release|Any CPU
		{136BABB1-A63D-4507-A5DD-40D3174E64D1}.Release|Any CPU.Build.0 = Release|Any CPU
		{77BE9C96-45F9-44BF-85BA-3559F53DBC11}.Debug|Any CPU.ActiveCfg = Debug|Any CPU
		{77BE9C96-45F9-44BF-85BA-3559F53DBC11}.Debug|Any CPU.Build.0 = Debug|Any CPU
		{77BE9C96-45F9-44BF-85BA-3559F53DBC11}.Release|Any CPU.ActiveCfg = Release|Any CPU
		{77BE9C96-45F9-44BF-85BA-3559F53DBC11}.Release|Any CPU.Build.0 = Release|Any CPU
		{DBF92816-7C70-4B6A-8ACA-387FCA8EEA65}.Debug|Any CPU.ActiveCfg = Debug|Any CPU
		{DBF92816-7C70-4B6A-8ACA-387FCA8EEA65}.Debug|Any CPU.Build.0 = Debug|Any CPU
		{DBF92816-7C70-4B6A-8ACA-387FCA8EEA65}.Release|Any CPU.ActiveCfg = Release|Any CPU
		{DBF92816-7C70-4B6A-8ACA-387FCA8EEA65}.Release|Any CPU.Build.0 = Release|Any CPU
	EndGlobalSection
	GlobalSection(SolutionProperties) = preSolution
		HideSolutionNode = FALSE
	EndGlobalSection
	GlobalSection(ExtensibilityGlobals) = postSolution
		SolutionGuid = {5AB9DE77-13F8-4EDA-ACC0-1814E3DFC064}
	EndGlobalSection
EndGlobal
