
Microsoft Visual Studio Solution File, Format Version 12.00
# Visual Studio Version 17
VisualStudioVersion = 17.5.33516.290
MinimumVisualStudioVersion = 10.0.40219.1
Project("{FAE04EC0-301F-11D3-BF4B-00C04F79EFBC}") = "MVC.CodingTracker.jwhitt3r", "MVC.CodingTracker.jwhitt3r\MVC.CodingTracker.jwhitt3r.csproj", "{F09EB241-CFA1-483B-A1D2-501BE0FE9233}"
EndProject
Global
	GlobalSection(SolutionConfigurationPlatforms) = preSolution
		Debug|Any CPU = Debug|Any CPU
		Release|Any CPU = Release|Any CPU
	EndGlobalSection
	GlobalSection(ProjectConfigurationPlatforms) = postSolution
		{F09EB241-CFA1-483B-A1D2-501BE0FE9233}.Debug|Any CPU.ActiveCfg = Debug|Any CPU
		{F09EB241-CFA1-483B-A1D2-501BE0FE9233}.Debug|Any CPU.Build.0 = Debug|Any CPU
		{F09EB241-CFA1-483B-A1D2-501BE0FE9233}.Release|Any CPU.ActiveCfg = Release|Any CPU
		{F09EB241-CFA1-483B-A1D2-501BE0FE9233}.Release|Any CPU.Build.0 = Release|Any CPU
	EndGlobalSection
	GlobalSection(SolutionProperties) = preSolution
		HideSolutionNode = FALSE
	EndGlobalSection
	GlobalSection(ExtensibilityGlobals) = postSolution
		SolutionGuid = {67D1D0CB-1902-4DDD-9E62-1713FC3235AA}
	EndGlobalSection
EndGlobal
