
Microsoft Visual Studio Solution File, Format Version 12.00
# Visual Studio Version 17
VisualStudioVersion = 17.3.32825.248
MinimumVisualStudioVersion = 10.0.40219.1
Project("{9A19103F-16F7-4668-BE54-9A1E7A4F7556}") = "CodingTrackerWeb", "CodingTrackerWeb.csproj", "{766391D7-011B-48A9-9D9F-B9205F623CF7}"
EndProject
Global
	GlobalSection(SolutionConfigurationPlatforms) = preSolution
		Debug|Any CPU = Debug|Any CPU
		Release|Any CPU = Release|Any CPU
	EndGlobalSection
	GlobalSection(ProjectConfigurationPlatforms) = postSolution
		{766391D7-011B-48A9-9D9F-B9205F623CF7}.Debug|Any CPU.ActiveCfg = Debug|Any CPU
		{766391D7-011B-48A9-9D9F-B9205F623CF7}.Debug|Any CPU.Build.0 = Debug|Any CPU
		{766391D7-011B-48A9-9D9F-B9205F623CF7}.Release|Any CPU.ActiveCfg = Release|Any CPU
		{766391D7-011B-48A9-9D9F-B9205F623CF7}.Release|Any CPU.Build.0 = Release|Any CPU
	EndGlobalSection
	GlobalSection(SolutionProperties) = preSolution
		HideSolutionNode = FALSE
	EndGlobalSection
	GlobalSection(ExtensibilityGlobals) = postSolution
		SolutionGuid = {17F0A69E-FB79-4487-825D-11E65F461CE6}
	EndGlobalSection
EndGlobal
