
Microsoft Visual Studio Solution File, Format Version 12.00
# Visual Studio Version 17
VisualStudioVersion = 17.9.34714.143
MinimumVisualStudioVersion = 10.0.40219.1
Project("{FAE04EC0-301F-11D3-BF4B-00C04F79EFBC}") = "Logger.frockett", "Logger.frockett\Logger.frockett.csproj", "{6F4E1A09-3013-4091-9095-A55F7483C93F}"
EndProject
Global
	GlobalSection(SolutionConfigurationPlatforms) = preSolution
		Debug|Any CPU = Debug|Any CPU
		Release|Any CPU = Release|Any CPU
	EndGlobalSection
	GlobalSection(ProjectConfigurationPlatforms) = postSolution
		{6F4E1A09-3013-4091-9095-A55F7483C93F}.Debug|Any CPU.ActiveCfg = Debug|Any CPU
		{6F4E1A09-3013-4091-9095-A55F7483C93F}.Debug|Any CPU.Build.0 = Debug|Any CPU
		{6F4E1A09-3013-4091-9095-A55F7483C93F}.Release|Any CPU.ActiveCfg = Release|Any CPU
		{6F4E1A09-3013-4091-9095-A55F7483C93F}.Release|Any CPU.Build.0 = Release|Any CPU
	EndGlobalSection
	GlobalSection(SolutionProperties) = preSolution
		HideSolutionNode = FALSE
	EndGlobalSection
	GlobalSection(ExtensibilityGlobals) = postSolution
		SolutionGuid = {863AAE2A-72AF-49C2-91A3-7CD49846CDF4}
	EndGlobalSection
EndGlobal
