
Microsoft Visual Studio Solution File, Format Version 12.00
# Visual Studio Version 17
VisualStudioVersion = 17.0.31903.59
MinimumVisualStudioVersion = 10.0.40219.1
Project("{9A19103F-16F7-4668-BE54-9A1E7A4F7556}") = "CarSpottingTracker.mariusgrHiof", "CarSpottingTracker.mariusgrHiof\CarSpottingTracker.mariusgrHiof.csproj", "{1C3B419C-DB77-463F-9AE0-7D7252D02935}"
EndProject
Global
	GlobalSection(SolutionConfigurationPlatforms) = preSolution
		Debug|Any CPU = Debug|Any CPU
		Release|Any CPU = Release|Any CPU
	EndGlobalSection
	GlobalSection(ProjectConfigurationPlatforms) = postSolution
		{1C3B419C-DB77-463F-9AE0-7D7252D02935}.Debug|Any CPU.ActiveCfg = Debug|Any CPU
		{1C3B419C-DB77-463F-9AE0-7D7252D02935}.Debug|Any CPU.Build.0 = Debug|Any CPU
		{1C3B419C-DB77-463F-9AE0-7D7252D02935}.Release|Any CPU.ActiveCfg = Release|Any CPU
		{1C3B419C-DB77-463F-9AE0-7D7252D02935}.Release|Any CPU.Build.0 = Release|Any CPU
	EndGlobalSection
	GlobalSection(SolutionProperties) = preSolution
		HideSolutionNode = FALSE
	EndGlobalSection
	GlobalSection(ExtensibilityGlobals) = postSolution
		SolutionGuid = {6A05B2A8-F826-482E-B8B0-916CAE0CC42E}
	EndGlobalSection
EndGlobal
