
Microsoft Visual Studio Solution File, Format Version 12.00
Project("{FAE04EC0-301F-11D3-BF4B-00C04F79EFBC}") = "ApplyingTracker", "ApplyingTracker\ApplyingTracker.csproj", "{CC4446D1-30C6-4F61-8B56-31AE14A9F8DB}"
EndProject
Project("{FAE04EC0-301F-11D3-BF4B-00C04F79EFBC}") = "Data", "Data\Data.csproj", "{83EF77EB-694B-4CC9-9958-A8C9071F48E8}"
EndProject
Project("{FAE04EC0-301F-11D3-BF4B-00C04F79EFBC}") = "Services", "Services\Services.csproj", "{99FE469B-48EC-4111-AD96-92218DC0D79E}"
EndProject
Global
	GlobalSection(SolutionConfigurationPlatforms) = preSolution
		Debug|Any CPU = Debug|Any CPU
		Release|Any CPU = Release|Any CPU
	EndGlobalSection
	GlobalSection(ProjectConfigurationPlatforms) = postSolution
		{CC4446D1-30C6-4F61-8B56-31AE14A9F8DB}.Debug|Any CPU.ActiveCfg = Debug|Any CPU
		{CC4446D1-30C6-4F61-8B56-31AE14A9F8DB}.Debug|Any CPU.Build.0 = Debug|Any CPU
		{CC4446D1-30C6-4F61-8B56-31AE14A9F8DB}.Release|Any CPU.ActiveCfg = Release|Any CPU
		{CC4446D1-30C6-4F61-8B56-31AE14A9F8DB}.Release|Any CPU.Build.0 = Release|Any CPU
		{83EF77EB-694B-4CC9-9958-A8C9071F48E8}.Debug|Any CPU.ActiveCfg = Debug|Any CPU
		{83EF77EB-694B-4CC9-9958-A8C9071F48E8}.Debug|Any CPU.Build.0 = Debug|Any CPU
		{83EF77EB-694B-4CC9-9958-A8C9071F48E8}.Release|Any CPU.ActiveCfg = Release|Any CPU
		{83EF77EB-694B-4CC9-9958-A8C9071F48E8}.Release|Any CPU.Build.0 = Release|Any CPU
		{99FE469B-48EC-4111-AD96-92218DC0D79E}.Debug|Any CPU.ActiveCfg = Debug|Any CPU
		{99FE469B-48EC-4111-AD96-92218DC0D79E}.Debug|Any CPU.Build.0 = Debug|Any CPU
		{99FE469B-48EC-4111-AD96-92218DC0D79E}.Release|Any CPU.ActiveCfg = Release|Any CPU
		{99FE469B-48EC-4111-AD96-92218DC0D79E}.Release|Any CPU.Build.0 = Release|Any CPU
	EndGlobalSection
EndGlobal
