
Microsoft Visual Studio Solution File, Format Version 12.00
# Visual Studio Version 17
VisualStudioVersion = 17.11.35327.3
MinimumVisualStudioVersion = 10.0.40219.1
Project("{FAE04EC0-301F-11D3-BF4B-00C04F79EFBC}") = "ProgressTracker.hasona23", "ProgressTracker.hasona23\ProgressTracker.hasona23.csproj", "{AB293575-16A3-4626-8AD3-BF64B0C46693}"
EndProject
Global
	GlobalSection(SolutionConfigurationPlatforms) = preSolution
		Debug|Any CPU = Debug|Any CPU
		Release|Any CPU = Release|Any CPU
	EndGlobalSection
	GlobalSection(ProjectConfigurationPlatforms) = postSolution
		{AB293575-16A3-4626-8AD3-BF64B0C46693}.Debug|Any CPU.ActiveCfg = Debug|Any CPU
		{AB293575-16A3-4626-8AD3-BF64B0C46693}.Debug|Any CPU.Build.0 = Debug|Any CPU
		{AB293575-16A3-4626-8AD3-BF64B0C46693}.Release|Any CPU.ActiveCfg = Release|Any CPU
		{AB293575-16A3-4626-8AD3-BF64B0C46693}.Release|Any CPU.Build.0 = Release|Any CPU
	EndGlobalSection
	GlobalSection(SolutionProperties) = preSolution
		HideSolutionNode = FALSE
	EndGlobalSection
	GlobalSection(ExtensibilityGlobals) = postSolution
		SolutionGuid = {F5F11072-3197-4FE9-9508-A7D2E836E079}
	EndGlobalSection
EndGlobal
