
Microsoft Visual Studio Solution File, Format Version 12.00
# Visual Studio Version 17
VisualStudioVersion = 17.11.35303.130
MinimumVisualStudioVersion = 10.0.40219.1
Project("{FAE04EC0-301F-11D3-BF4B-00C04F79EFBC}") = "MVC.RecipeLogger", "MVC.RecipeLogger\MVC.RecipeLogger.csproj", "{B010A772-6A37-42E3-AC85-EEDD511E579E}"
EndProject
Global
	GlobalSection(SolutionConfigurationPlatforms) = preSolution
		Debug|Any CPU = Debug|Any CPU
		Release|Any CPU = Release|Any CPU
	EndGlobalSection
	GlobalSection(ProjectConfigurationPlatforms) = postSolution
		{B010A772-6A37-42E3-AC85-EEDD511E579E}.Debug|Any CPU.ActiveCfg = Debug|Any CPU
		{B010A772-6A37-42E3-AC85-EEDD511E579E}.Debug|Any CPU.Build.0 = Debug|Any CPU
		{B010A772-6A37-42E3-AC85-EEDD511E579E}.Release|Any CPU.ActiveCfg = Release|Any CPU
		{B010A772-6A37-42E3-AC85-EEDD511E579E}.Release|Any CPU.Build.0 = Release|Any CPU
	EndGlobalSection
	GlobalSection(SolutionProperties) = preSolution
		HideSolutionNode = FALSE
	EndGlobalSection
	GlobalSection(ExtensibilityGlobals) = postSolution
		SolutionGuid = {FA10B5C1-28C7-4607-B1CD-775093FAB11A}
	EndGlobalSection
EndGlobal
