
Microsoft Visual Studio Solution File, Format Version 12.00
# Visual Studio Version 17
VisualStudioVersion = 17.8.34330.188
MinimumVisualStudioVersion = 10.0.40219.1
Project("{9A19103F-16F7-4668-BE54-9A1E7A4F7556}") = "MVC_CodingTracker", "MVC_CodingTracker\MVC_CodingTracker.csproj", "{20BD8823-4C2D-4F62-A022-8973D3552E67}"
EndProject
Global
	GlobalSection(SolutionConfigurationPlatforms) = preSolution
		Debug|Any CPU = Debug|Any CPU
		Release|Any CPU = Release|Any CPU
	EndGlobalSection
	GlobalSection(ProjectConfigurationPlatforms) = postSolution
		{20BD8823-4C2D-4F62-A022-8973D3552E67}.Debug|Any CPU.ActiveCfg = Debug|Any CPU
		{20BD8823-4C2D-4F62-A022-8973D3552E67}.Debug|Any CPU.Build.0 = Debug|Any CPU
		{20BD8823-4C2D-4F62-A022-8973D3552E67}.Release|Any CPU.ActiveCfg = Release|Any CPU
		{20BD8823-4C2D-4F62-A022-8973D3552E67}.Release|Any CPU.Build.0 = Release|Any CPU
	EndGlobalSection
	GlobalSection(SolutionProperties) = preSolution
		HideSolutionNode = FALSE
	EndGlobalSection
	GlobalSection(ExtensibilityGlobals) = postSolution
		SolutionGuid = {7034C4C3-8E3D-4030-90A2-352FCAABD138}
	EndGlobalSection
EndGlobal
