
Microsoft Visual Studio Solution File, Format Version 12.00
# Visual Studio Version 17
VisualStudioVersion = 17.8.34408.163
MinimumVisualStudioVersion = 10.0.40219.1
Project("{FAE04EC0-301F-11D3-BF4B-00C04F79EFBC}") = "ReadToKidsTracker", "ReadToKidsTracker.csproj", "{C13F83BF-304E-4847-A454-9622568AA21C}"
EndProject
Global
	GlobalSection(SolutionConfigurationPlatforms) = preSolution
		Debug|Any CPU = Debug|Any CPU
		Release|Any CPU = Release|Any CPU
	EndGlobalSection
	GlobalSection(ProjectConfigurationPlatforms) = postSolution
		{C13F83BF-304E-4847-A454-9622568AA21C}.Debug|Any CPU.ActiveCfg = Debug|Any CPU
		{C13F83BF-304E-4847-A454-9622568AA21C}.Debug|Any CPU.Build.0 = Debug|Any CPU
		{C13F83BF-304E-4847-A454-9622568AA21C}.Release|Any CPU.ActiveCfg = Release|Any CPU
		{C13F83BF-304E-4847-A454-9622568AA21C}.Release|Any CPU.Build.0 = Release|Any CPU
	EndGlobalSection
	GlobalSection(SolutionProperties) = preSolution
		HideSolutionNode = FALSE
	EndGlobalSection
	GlobalSection(ExtensibilityGlobals) = postSolution
		SolutionGuid = {8B14E56F-BDA5-4240-86EE-18DCFA2A7C0B}
	EndGlobalSection
EndGlobal
