
Microsoft Visual Studio Solution File, Format Version 12.00
Project("{FAE04EC0-301F-11D3-BF4B-00C04F79EFBC}") = "FitnessTracker.StevieTV", "FitnessTracker.StevieTV\FitnessTracker.StevieTV.csproj", "{257DD22C-1DED-4B6E-9D42-0C88EFC69B22}"
EndProject
Global
	GlobalSection(SolutionConfigurationPlatforms) = preSolution
		Debug|Any CPU = Debug|Any CPU
		Release|Any CPU = Release|Any CPU
	EndGlobalSection
	GlobalSection(ProjectConfigurationPlatforms) = postSolution
		{257DD22C-1DED-4B6E-9D42-0C88EFC69B22}.Debug|Any CPU.ActiveCfg = Debug|Any CPU
		{257DD22C-1DED-4B6E-9D42-0C88EFC69B22}.Debug|Any CPU.Build.0 = Debug|Any CPU
		{257DD22C-1DED-4B6E-9D42-0C88EFC69B22}.Release|Any CPU.ActiveCfg = Release|Any CPU
		{257DD22C-1DED-4B6E-9D42-0C88EFC69B22}.Release|Any CPU.Build.0 = Release|Any CPU
	EndGlobalSection
EndGlobal
