
Microsoft Visual Studio Solution File, Format Version 12.00
# Visual Studio Version 17
VisualStudioVersion = 17.6.33829.357
MinimumVisualStudioVersion = 10.0.40219.1
Project("{FAE04EC0-301F-11D3-BF4B-00C04F79EFBC}") = "CoffeeLogger", "CoffeeLogger.csproj", "{99A788A4-1E6C-4216-84CE-B63CBFD7DD04}"
EndProject
Global
	GlobalSection(SolutionConfigurationPlatforms) = preSolution
		Debug|Any CPU = Debug|Any CPU
		Release|Any CPU = Release|Any CPU
	EndGlobalSection
	GlobalSection(ProjectConfigurationPlatforms) = postSolution
		{99A788A4-1E6C-4216-84CE-B63CBFD7DD04}.Debug|Any CPU.ActiveCfg = Debug|Any CPU
		{99A788A4-1E6C-4216-84CE-B63CBFD7DD04}.Debug|Any CPU.Build.0 = Debug|Any CPU
		{99A788A4-1E6C-4216-84CE-B63CBFD7DD04}.Release|Any CPU.ActiveCfg = Release|Any CPU
		{99A788A4-1E6C-4216-84CE-B63CBFD7DD04}.Release|Any CPU.Build.0 = Release|Any CPU
	EndGlobalSection
	GlobalSection(SolutionProperties) = preSolution
		HideSolutionNode = FALSE
	EndGlobalSection
	GlobalSection(ExtensibilityGlobals) = postSolution
		SolutionGuid = {F4CFEC81-70A9-46D7-8FEB-5C1D85CCB737}
	EndGlobalSection
EndGlobal
