
Microsoft Visual Studio Solution File, Format Version 12.00
# Visual Studio Version 17
VisualStudioVersion = 17.8.34330.188
MinimumVisualStudioVersion = 10.0.40219.1
Project("{9A19103F-16F7-4668-BE54-9A1E7A4F7556}") = "MVC.WaterLogger.K-MYR", "MVC.WaterLogger.K-MYR\MVC.WaterLogger.K-MYR.csproj", "{6CEF3BC6-F906-4E34-BA54-C58EAA35D51E}"
EndProject
Global
	GlobalSection(SolutionConfigurationPlatforms) = preSolution
		Debug|Any CPU = Debug|Any CPU
		Release|Any CPU = Release|Any CPU
	EndGlobalSection
	GlobalSection(ProjectConfigurationPlatforms) = postSolution
		{6CEF3BC6-F906-4E34-BA54-C58EAA35D51E}.Debug|Any CPU.ActiveCfg = Debug|Any CPU
		{6CEF3BC6-F906-4E34-BA54-C58EAA35D51E}.Debug|Any CPU.Build.0 = Debug|Any CPU
		{6CEF3BC6-F906-4E34-BA54-C58EAA35D51E}.Release|Any CPU.ActiveCfg = Release|Any CPU
		{6CEF3BC6-F906-4E34-BA54-C58EAA35D51E}.Release|Any CPU.Build.0 = Release|Any CPU
	EndGlobalSection
	GlobalSection(SolutionProperties) = preSolution
		HideSolutionNode = FALSE
	EndGlobalSection
	GlobalSection(ExtensibilityGlobals) = postSolution
		SolutionGuid = {E80F6D0C-C083-4906-BFE5-BCD15FB67033}
	EndGlobalSection
EndGlobal
