
Microsoft Visual Studio Solution File, Format Version 12.00
# Visual Studio Version 17
VisualStudioVersion = 17.6.33829.357
MinimumVisualStudioVersion = 10.0.40219.1
Project("{9A19103F-16F7-4668-BE54-9A1E7A4F7556}") = "MVC.HabitTracker.JsPeanut", "MVC.HabitTracker.JsPeanut\MVC.HabitTracker.JsPeanut.csproj", "{F95D128C-42C9-481C-8B4D-6AE8A151D8F5}"
EndProject
Global
	GlobalSection(SolutionConfigurationPlatforms) = preSolution
		Debug|Any CPU = Debug|Any CPU
		Release|Any CPU = Release|Any CPU
	EndGlobalSection
	GlobalSection(ProjectConfigurationPlatforms) = postSolution
		{F95D128C-42C9-481C-8B4D-6AE8A151D8F5}.Debug|Any CPU.ActiveCfg = Debug|Any CPU
		{F95D128C-42C9-481C-8B4D-6AE8A151D8F5}.Debug|Any CPU.Build.0 = Debug|Any CPU
		{F95D128C-42C9-481C-8B4D-6AE8A151D8F5}.Release|Any CPU.ActiveCfg = Release|Any CPU
		{F95D128C-42C9-481C-8B4D-6AE8A151D8F5}.Release|Any CPU.Build.0 = Release|Any CPU
	EndGlobalSection
	GlobalSection(SolutionProperties) = preSolution
		HideSolutionNode = FALSE
	EndGlobalSection
	GlobalSection(ExtensibilityGlobals) = postSolution
		SolutionGuid = {A781E339-6A1A-41C7-95DB-A753C8A12CCD}
	EndGlobalSection
EndGlobal
