
Microsoft Visual Studio Solution File, Format Version 12.00
# Visual Studio Version 17
VisualStudioVersion = 17.5.002.0
MinimumVisualStudioVersion = 10.0.40219.1
Project("{FAE04EC0-301F-11D3-BF4B-00C04F79EFBC}") = "MoodLogger", "MoodLogger\MoodLogger.csproj", "{F60230F1-A69E-467D-8E06-049951EB83F3}"
EndProject
Project("{FAE04EC0-301F-11D3-BF4B-00C04F79EFBC}") = "MoodLogger.Test", "MoodLogger.Test\MoodLogger.Test.csproj", "{B14AD25D-6404-40BC-974D-AFD684D886BA}"
EndProject
Global
	GlobalSection(SolutionProperties) = preSolution
		HideSolutionNode = FALSE
	EndGlobalSection
	GlobalSection(ExtensibilityGlobals) = postSolution
		SolutionGuid = {483FAD30-D13B-438E-88B8-63BD671A8F05}
	EndGlobalSection
	GlobalSection(SolutionConfigurationPlatforms) = preSolution
		Debug|Any CPU = Debug|Any CPU
		Debug|x64 = Debug|x64
		Debug|x86 = Debug|x86
		Release|Any CPU = Release|Any CPU
		Release|x64 = Release|x64
		Release|x86 = Release|x86
	EndGlobalSection
	GlobalSection(ProjectConfigurationPlatforms) = postSolution
		{F60230F1-A69E-467D-8E06-049951EB83F3}.Debug|Any CPU.ActiveCfg = Debug|Any CPU
		{F60230F1-A69E-467D-8E06-049951EB83F3}.Debug|Any CPU.Build.0 = Debug|Any CPU
		{F60230F1-A69E-467D-8E06-049951EB83F3}.Debug|x64.ActiveCfg = Debug|Any CPU
		{F60230F1-A69E-467D-8E06-049951EB83F3}.Debug|x64.Build.0 = Debug|Any CPU
		{F60230F1-A69E-467D-8E06-049951EB83F3}.Debug|x86.ActiveCfg = Debug|Any CPU
		{F60230F1-A69E-467D-8E06-049951EB83F3}.Debug|x86.Build.0 = Debug|Any CPU
		{F60230F1-A69E-467D-8E06-049951EB83F3}.Release|Any CPU.ActiveCfg = Release|Any CPU
		{F60230F1-A69E-467D-8E06-049951EB83F3}.Release|Any CPU.Build.0 = Release|Any CPU
		{F60230F1-A69E-467D-8E06-049951EB83F3}.Release|x64.ActiveCfg = Release|Any CPU
		{F60230F1-A69E-467D-8E06-049951EB83F3}.Release|x64.Build.0 = Release|Any CPU
		{F60230F1-A69E-467D-8E06-049951EB83F3}.Release|x86.ActiveCfg = Release|Any CPU
		{F60230F1-A69E-467D-8E06-049951EB83F3}.Release|x86.Build.0 = Release|Any CPU
		{B14AD25D-6404-40BC-974D-AFD684D886BA}.Debug|Any CPU.ActiveCfg = Debug|Any CPU
		{B14AD25D-6404-40BC-974D-AFD684D886BA}.Debug|Any CPU.Build.0 = Debug|Any CPU
		{B14AD25D-6404-40BC-974D-AFD684D886BA}.Debug|x64.ActiveCfg = Debug|Any CPU
		{B14AD25D-6404-40BC-974D-AFD684D886BA}.Debug|x64.Build.0 = Debug|Any CPU
		{B14AD25D-6404-40BC-974D-AFD684D886BA}.Debug|x86.ActiveCfg = Debug|Any CPU
		{B14AD25D-6404-40BC-974D-AFD684D886BA}.Debug|x86.Build.0 = Debug|Any CPU
		{B14AD25D-6404-40BC-974D-AFD684D886BA}.Release|Any CPU.ActiveCfg = Release|Any CPU
		{B14AD25D-6404-40BC-974D-AFD684D886BA}.Release|Any CPU.Build.0 = Release|Any CPU
		{B14AD25D-6404-40BC-974D-AFD684D886BA}.Release|x64.ActiveCfg = Release|Any CPU
		{B14AD25D-6404-40BC-974D-AFD684D886BA}.Release|x64.Build.0 = Release|Any CPU
		{B14AD25D-6404-40BC-974D-AFD684D886BA}.Release|x86.ActiveCfg = Release|Any CPU
		{B14AD25D-6404-40BC-974D-AFD684D886BA}.Release|x86.Build.0 = Release|Any CPU
	EndGlobalSection
EndGlobal
